
Microsoft Visual Studio Solution File, Format Version 12.00
# Visual Studio 15
VisualStudioVersion = 15.0.28307.421
MinimumVisualStudioVersion = 10.0.40219.1
Project("{FAE04EC0-301F-11D3-BF4B-00C04F79EFBC}") = "Domain", "Domain\Domain.csproj", "{45455610-89AA-40AF-96A5-B1F93BEB1CCD}"
EndProject
Project("{FAE04EC0-301F-11D3-BF4B-00C04F79EFBC}") = "Persistence", "Persistence\Persistence.csproj", "{93F9679C-99A7-4AC3-8B48-E0C181C27DD7}"
EndProject
Project("{FAE04EC0-301F-11D3-BF4B-00C04F79EFBC}") = "Presentation", "Presentation\Presentation.csproj", "{AC88500D-C45E-4A5F-BB9C-6B3638FC921A}"
EndProject
Global
	GlobalSection(SolutionConfigurationPlatforms) = preSolution
		Debug|Any CPU = Debug|Any CPU
		Release|Any CPU = Release|Any CPU
	EndGlobalSection
	GlobalSection(ProjectConfigurationPlatforms) = postSolution
		{45455610-89AA-40AF-96A5-B1F93BEB1CCD}.Debug|Any CPU.ActiveCfg = Debug|Any CPU
		{45455610-89AA-40AF-96A5-B1F93BEB1CCD}.Debug|Any CPU.Build.0 = Debug|Any CPU
		{45455610-89AA-40AF-96A5-B1F93BEB1CCD}.Release|Any CPU.ActiveCfg = Release|Any CPU
		{45455610-89AA-40AF-96A5-B1F93BEB1CCD}.Release|Any CPU.Build.0 = Release|Any CPU
		{93F9679C-99A7-4AC3-8B48-E0C181C27DD7}.Debug|Any CPU.ActiveCfg = Debug|Any CPU
		{93F9679C-99A7-4AC3-8B48-E0C181C27DD7}.Debug|Any CPU.Build.0 = Debug|Any CPU
		{93F9679C-99A7-4AC3-8B48-E0C181C27DD7}.Release|Any CPU.ActiveCfg = Release|Any CPU
		{93F9679C-99A7-4AC3-8B48-E0C181C27DD7}.Release|Any CPU.Build.0 = Release|Any CPU
		{AC88500D-C45E-4A5F-BB9C-6B3638FC921A}.Debug|Any CPU.ActiveCfg = Debug|Any CPU
		{AC88500D-C45E-4A5F-BB9C-6B3638FC921A}.Debug|Any CPU.Build.0 = Debug|Any CPU
		{AC88500D-C45E-4A5F-BB9C-6B3638FC921A}.Release|Any CPU.ActiveCfg = Release|Any CPU
		{AC88500D-C45E-4A5F-BB9C-6B3638FC921A}.Release|Any CPU.Build.0 = Release|Any CPU
	EndGlobalSection
	GlobalSection(SolutionProperties) = preSolution
		HideSolutionNode = FALSE
	EndGlobalSection
	GlobalSection(ExtensibilityGlobals) = postSolution
		SolutionGuid = {459DF7CB-78B0-4374-B24F-EA05EA4AAB09}
	EndGlobalSection
EndGlobal
